// !$*UTF8*$!
{
	archiveVersion = 1;
	classes = {
	};
	objectVersion = 46;
	objects = {

/* Begin PBXBuildFile section */
		8321E68A15AE491F981EE0DC /* libPods.a in Frameworks */ = {isa = PBXBuildFile; fileRef = 90D3642E47F94B6EAB1CE461 /* libPods.a */; };
		C73B88501977CEFB007EE3D0 /* libMobClickLibrary.a in Frameworks */ = {isa = PBXBuildFile; fileRef = C73B884D1977CEFB007EE3D0 /* libMobClickLibrary.a */; };
		C73B88521977CF19007EE3D0 /* libz.dylib in Frameworks */ = {isa = PBXBuildFile; fileRef = C73B88511977CF19007EE3D0 /* libz.dylib */; };
		C7470A92196164CB00FD154B /* AppContext.m in Sources */ = {isa = PBXBuildFile; fileRef = C7470A91196164CB00FD154B /* AppContext.m */; };
		C7821A8719480417008B952D /* Foundation.framework in Frameworks */ = {isa = PBXBuildFile; fileRef = C7821A8619480417008B952D /* Foundation.framework */; };
		C7821A8919480417008B952D /* CoreGraphics.framework in Frameworks */ = {isa = PBXBuildFile; fileRef = C7821A8819480417008B952D /* CoreGraphics.framework */; };
		C7821A8B19480417008B952D /* UIKit.framework in Frameworks */ = {isa = PBXBuildFile; fileRef = C7821A8A19480417008B952D /* UIKit.framework */; };
		C7821A9119480417008B952D /* InfoPlist.strings in Resources */ = {isa = PBXBuildFile; fileRef = C7821A8F19480417008B952D /* InfoPlist.strings */; };
		C7821A9319480417008B952D /* main.m in Sources */ = {isa = PBXBuildFile; fileRef = C7821A9219480417008B952D /* main.m */; };
		C7821A9919480417008B952D /* Images.xcassets in Resources */ = {isa = PBXBuildFile; fileRef = C7821A9819480417008B952D /* Images.xcassets */; };
		C7821AA019480417008B952D /* XCTest.framework in Frameworks */ = {isa = PBXBuildFile; fileRef = C7821A9F19480417008B952D /* XCTest.framework */; };
		C7821AA119480417008B952D /* Foundation.framework in Frameworks */ = {isa = PBXBuildFile; fileRef = C7821A8619480417008B952D /* Foundation.framework */; };
		C7821AA219480417008B952D /* UIKit.framework in Frameworks */ = {isa = PBXBuildFile; fileRef = C7821A8A19480417008B952D /* UIKit.framework */; };
		C7821AAA19480417008B952D /* InfoPlist.strings in Resources */ = {isa = PBXBuildFile; fileRef = C7821AA819480417008B952D /* InfoPlist.strings */; };
		C7821AAC19480417008B952D /* Voice2NoteTests.m in Sources */ = {isa = PBXBuildFile; fileRef = C7821AAB19480417008B952D /* Voice2NoteTests.m */; };
		C7821ABD194804A4008B952D /* NoteListController.m in Sources */ = {isa = PBXBuildFile; fileRef = C7821ABC194804A4008B952D /* NoteListController.m */; };
		C7821AC0194804B6008B952D /* NoteDetailController.m in Sources */ = {isa = PBXBuildFile; fileRef = C7821ABF194804B6008B952D /* NoteDetailController.m */; };
		C7821AC219482208008B952D /* iflyMSC.framework in Frameworks */ = {isa = PBXBuildFile; fileRef = C7821AC119482208008B952D /* iflyMSC.framework */; };
		C7821AC419482220008B952D /* AVFoundation.framework in Frameworks */ = {isa = PBXBuildFile; fileRef = C7821AC319482220008B952D /* AVFoundation.framework */; };
		C7821AC61948222B008B952D /* SystemConfiguration.framework in Frameworks */ = {isa = PBXBuildFile; fileRef = C7821AC51948222B008B952D /* SystemConfiguration.framework */; };
		C7821AC819482235008B952D /* AudioToolbox.framework in Frameworks */ = {isa = PBXBuildFile; fileRef = C7821AC719482235008B952D /* AudioToolbox.framework */; };
		C7821ACC19482574008B952D /* VNConstants.m in Sources */ = {isa = PBXBuildFile; fileRef = C7821ACB19482574008B952D /* VNConstants.m */; };
		C7821ACE19482610008B952D /* Localizable.strings in Resources */ = {isa = PBXBuildFile; fileRef = C7821ACD19482610008B952D /* Localizable.strings */; };
		C7821AD119483FD6008B952D /* edit_file@2x.png in Resources */ = {isa = PBXBuildFile; fileRef = C7821ACF19483FD6008B952D /* edit_file@2x.png */; };
		C7821AD219483FD6008B952D /* ic_more_white@2x.png in Resources */ = {isa = PBXBuildFile; fileRef = C7821AD019483FD6008B952D /* ic_more_white@2x.png */; };
		C7821AD7194843B0008B952D /* VNNote.m in Sources */ = {isa = PBXBuildFile; fileRef = C7821AD6194843B0008B952D /* VNNote.m */; };
		C7821ADA194844C0008B952D /* VNNoteManager.m in Sources */ = {isa = PBXBuildFile; fileRef = C7821AD9194844C0008B952D /* VNNoteManager.m */; };
		C7821ADD1948489C008B952D /* AddressBook.framework in Frameworks */ = {isa = PBXBuildFile; fileRef = C7821ADB1948483F008B952D /* AddressBook.framework */; };
		C7821ADF19485FC0008B952D /* ic_add_tab@2x.png in Resources */ = {isa = PBXBuildFile; fileRef = C7821ADE19485FC0008B952D /* ic_add_tab@2x.png */; };
		C7821AE51949910A008B952D /* libWeChatSDK.a in Frameworks */ = {isa = PBXBuildFile; fileRef = C7821AE21949910A008B952D /* libWeChatSDK.a */; };
		C7821AE819499F47008B952D /* NoteListCell.m in Sources */ = {isa = PBXBuildFile; fileRef = C7821AE719499F47008B952D /* NoteListCell.m */; };
		C7821AEB19499FC1008B952D /* UIColor+VNHex.m in Sources */ = {isa = PBXBuildFile; fileRef = C7821AEA19499FC1008B952D /* UIColor+VNHex.m */; };
		C7821AED1949AB2B008B952D /* AppDelegate.m in Sources */ = {isa = PBXBuildFile; fileRef = C7821AEC1949AB2B008B952D /* AppDelegate.m */; };
		C7821AEF1949B405008B952D /* save@2x.png in Resources */ = {isa = PBXBuildFile; fileRef = C7821AEE1949B404008B952D /* save@2x.png */; };
		C7821AF11949B461008B952D /* micro@2x.png in Resources */ = {isa = PBXBuildFile; fileRef = C7821AF01949B461008B952D /* micro@2x.png */; };
		C79B92831952E65D0071E995 /* edit_image-50@2x.png in Resources */ = {isa = PBXBuildFile; fileRef = C79B92821952E65D0071E995 /* edit_image-50@2x.png */; };
		C79B92851952E6A10071E995 /* micro_small@2x.png in Resources */ = {isa = PBXBuildFile; fileRef = C79B92841952E6A10071E995 /* micro_small@2x.png */; };
/* End PBXBuildFile section */

/* Begin PBXContainerItemProxy section */
		C7821AA319480417008B952D /* PBXContainerItemProxy */ = {
			isa = PBXContainerItemProxy;
			containerPortal = C7821A7B19480417008B952D /* Project object */;
			proxyType = 1;
			remoteGlobalIDString = C7821A8219480417008B952D;
			remoteInfo = Voice2Note;
		};
/* End PBXContainerItemProxy section */

/* Begin PBXFileReference section */
		4FC9EB7DAA15488F81D9D006 /* Pods.xcconfig */ = {isa = PBXFileReference; includeInIndex = 1; lastKnownFileType = text.xcconfig; name = Pods.xcconfig; path = Pods/Pods.xcconfig; sourceTree = "<group>"; };
		90D3642E47F94B6EAB1CE461 /* libPods.a */ = {isa = PBXFileReference; explicitFileType = archive.ar; includeInIndex = 0; path = libPods.a; sourceTree = BUILT_PRODUCTS_DIR; };
		C73B884D1977CEFB007EE3D0 /* libMobClickLibrary.a */ = {isa = PBXFileReference; lastKnownFileType = archive.ar; path = libMobClickLibrary.a; sourceTree = "<group>"; };
		C73B884E1977CEFB007EE3D0 /* MobClick.h */ = {isa = PBXFileReference; fileEncoding = 4; lastKnownFileType = sourcecode.c.h; path = MobClick.h; sourceTree = "<group>"; };
		C73B884F1977CEFB007EE3D0 /* MobClickSocialAnalytics.h */ = {isa = PBXFileReference; fileEncoding = 4; lastKnownFileType = sourcecode.c.h; path = MobClickSocialAnalytics.h; sourceTree = "<group>"; };
		C73B88511977CF19007EE3D0 /* libz.dylib */ = {isa = PBXFileReference; lastKnownFileType = "compiled.mach-o.dylib"; name = libz.dylib; path = usr/lib/libz.dylib; sourceTree = SDKROOT; };
		C7470A90196164CB00FD154B /* AppContext.h */ = {isa = PBXFileReference; fileEncoding = 4; lastKnownFileType = sourcecode.c.h; name = AppContext.h; path = Source/AppContext.h; sourceTree = "<group>"; };
		C7470A91196164CB00FD154B /* AppContext.m */ = {isa = PBXFileReference; fileEncoding = 4; lastKnownFileType = sourcecode.c.objc; name = AppContext.m; path = Source/AppContext.m; sourceTree = "<group>"; };
		C7821A8319480417008B952D /* Voice2Note.app */ = {isa = PBXFileReference; explicitFileType = wrapper.application; includeInIndex = 0; path = Voice2Note.app; sourceTree = BUILT_PRODUCTS_DIR; };
		C7821A8619480417008B952D /* Foundation.framework */ = {isa = PBXFileReference; lastKnownFileType = wrapper.framework; name = Foundation.framework; path = System/Library/Frameworks/Foundation.framework; sourceTree = SDKROOT; };
		C7821A8819480417008B952D /* CoreGraphics.framework */ = {isa = PBXFileReference; lastKnownFileType = wrapper.framework; name = CoreGraphics.framework; path = System/Library/Frameworks/CoreGraphics.framework; sourceTree = SDKROOT; };
		C7821A8A19480417008B952D /* UIKit.framework */ = {isa = PBXFileReference; lastKnownFileType = wrapper.framework; name = UIKit.framework; path = System/Library/Frameworks/UIKit.framework; sourceTree = SDKROOT; };
		C7821A8E19480417008B952D /* Voice2Note-Info.plist */ = {isa = PBXFileReference; lastKnownFileType = text.plist.xml; path = "Voice2Note-Info.plist"; sourceTree = "<group>"; };
		C7821A9019480417008B952D /* en */ = {isa = PBXFileReference; lastKnownFileType = text.plist.strings; name = en; path = en.lproj/InfoPlist.strings; sourceTree = "<group>"; };
		C7821A9219480417008B952D /* main.m */ = {isa = PBXFileReference; lastKnownFileType = sourcecode.c.objc; path = main.m; sourceTree = "<group>"; };
		C7821A9419480417008B952D /* Voice2Note-Prefix.pch */ = {isa = PBXFileReference; lastKnownFileType = sourcecode.c.h; path = "Voice2Note-Prefix.pch"; sourceTree = "<group>"; };
		C7821A9519480417008B952D /* AppDelegate.h */ = {isa = PBXFileReference; lastKnownFileType = sourcecode.c.h; path = AppDelegate.h; sourceTree = "<group>"; };
		C7821A9819480417008B952D /* Images.xcassets */ = {isa = PBXFileReference; lastKnownFileType = folder.assetcatalog; path = Images.xcassets; sourceTree = "<group>"; };
		C7821A9E19480417008B952D /* Voice2NoteTests.xctest */ = {isa = PBXFileReference; explicitFileType = wrapper.cfbundle; includeInIndex = 0; path = Voice2NoteTests.xctest; sourceTree = BUILT_PRODUCTS_DIR; };
		C7821A9F19480417008B952D /* XCTest.framework */ = {isa = PBXFileReference; lastKnownFileType = wrapper.framework; name = XCTest.framework; path = Library/Frameworks/XCTest.framework; sourceTree = DEVELOPER_DIR; };
		C7821AA719480417008B952D /* Voice2NoteTests-Info.plist */ = {isa = PBXFileReference; lastKnownFileType = text.plist.xml; path = "Voice2NoteTests-Info.plist"; sourceTree = "<group>"; };
		C7821AA919480417008B952D /* en */ = {isa = PBXFileReference; lastKnownFileType = text.plist.strings; name = en; path = en.lproj/InfoPlist.strings; sourceTree = "<group>"; };
		C7821AAB19480417008B952D /* Voice2NoteTests.m */ = {isa = PBXFileReference; lastKnownFileType = sourcecode.c.objc; path = Voice2NoteTests.m; sourceTree = "<group>"; };
		C7821ABB194804A4008B952D /* NoteListController.h */ = {isa = PBXFileReference; fileEncoding = 4; lastKnownFileType = sourcecode.c.h; name = NoteListController.h; path = Source/Controller/NoteListController.h; sourceTree = "<group>"; };
		C7821ABC194804A4008B952D /* NoteListController.m */ = {isa = PBXFileReference; fileEncoding = 4; lastKnownFileType = sourcecode.c.objc; name = NoteListController.m; path = Source/Controller/NoteListController.m; sourceTree = "<group>"; };
		C7821ABE194804B6008B952D /* NoteDetailController.h */ = {isa = PBXFileReference; fileEncoding = 4; lastKnownFileType = sourcecode.c.h; name = NoteDetailController.h; path = Source/Controller/NoteDetailController.h; sourceTree = "<group>"; };
		C7821ABF194804B6008B952D /* NoteDetailController.m */ = {isa = PBXFileReference; fileEncoding = 4; lastKnownFileType = sourcecode.c.objc; name = NoteDetailController.m; path = Source/Controller/NoteDetailController.m; sourceTree = "<group>"; };
		C7821AC119482208008B952D /* iflyMSC.framework */ = {isa = PBXFileReference; lastKnownFileType = wrapper.framework; name = iflyMSC.framework; path = Framework/iflyMSC.framework; sourceTree = "<group>"; };
		C7821AC319482220008B952D /* AVFoundation.framework */ = {isa = PBXFileReference; lastKnownFileType = wrapper.framework; name = AVFoundation.framework; path = System/Library/Frameworks/AVFoundation.framework; sourceTree = SDKROOT; };
		C7821AC51948222B008B952D /* SystemConfiguration.framework */ = {isa = PBXFileReference; lastKnownFileType = wrapper.framework; name = SystemConfiguration.framework; path = System/Library/Frameworks/SystemConfiguration.framework; sourceTree = SDKROOT; };
		C7821AC719482235008B952D /* AudioToolbox.framework */ = {isa = PBXFileReference; lastKnownFileType = wrapper.framework; name = AudioToolbox.framework; path = System/Library/Frameworks/AudioToolbox.framework; sourceTree = SDKROOT; };
		C7821ACA19482574008B952D /* VNConstants.h */ = {isa = PBXFileReference; fileEncoding = 4; lastKnownFileType = sourcecode.c.h; name = VNConstants.h; path = Source/Common/VNConstants.h; sourceTree = "<group>"; };
		C7821ACB19482574008B952D /* VNConstants.m */ = {isa = PBXFileReference; fileEncoding = 4; lastKnownFileType = sourcecode.c.objc; name = VNConstants.m; path = Source/Common/VNConstants.m; sourceTree = "<group>"; };
		C7821ACD19482610008B952D /* Localizable.strings */ = {isa = PBXFileReference; fileEncoding = 4; lastKnownFileType = text.plist.strings; name = Localizable.strings; path = Resource/Localizable.strings; sourceTree = "<group>"; };
		C7821ACF19483FD6008B952D /* edit_file@2x.png */ = {isa = PBXFileReference; lastKnownFileType = image.png; name = "edit_file@2x.png"; path = "Resource/edit_file@2x.png"; sourceTree = "<group>"; };
		C7821AD019483FD6008B952D /* ic_more_white@2x.png */ = {isa = PBXFileReference; lastKnownFileType = image.png; name = "ic_more_white@2x.png"; path = "Resource/ic_more_white@2x.png"; sourceTree = "<group>"; };
		C7821AD5194843B0008B952D /* VNNote.h */ = {isa = PBXFileReference; fileEncoding = 4; lastKnownFileType = sourcecode.c.h; name = VNNote.h; path = Source/Model/VNNote.h; sourceTree = "<group>"; };
		C7821AD6194843B0008B952D /* VNNote.m */ = {isa = PBXFileReference; fileEncoding = 4; lastKnownFileType = sourcecode.c.objc; name = VNNote.m; path = Source/Model/VNNote.m; sourceTree = "<group>"; };
		C7821AD8194844C0008B952D /* VNNoteManager.h */ = {isa = PBXFileReference; fileEncoding = 4; lastKnownFileType = sourcecode.c.h; name = VNNoteManager.h; path = Source/Model/VNNoteManager.h; sourceTree = "<group>"; };
		C7821AD9194844C0008B952D /* VNNoteManager.m */ = {isa = PBXFileReference; fileEncoding = 4; lastKnownFileType = sourcecode.c.objc; name = VNNoteManager.m; path = Source/Model/VNNoteManager.m; sourceTree = "<group>"; };
		C7821ADB1948483F008B952D /* AddressBook.framework */ = {isa = PBXFileReference; lastKnownFileType = wrapper.framework; name = AddressBook.framework; path = System/Library/Frameworks/AddressBook.framework; sourceTree = SDKROOT; };
		C7821ADE19485FC0008B952D /* ic_add_tab@2x.png */ = {isa = PBXFileReference; lastKnownFileType = image.png; name = "ic_add_tab@2x.png"; path = "Resource/ic_add_tab@2x.png"; sourceTree = "<group>"; };
		C7821AE21949910A008B952D /* libWeChatSDK.a */ = {isa = PBXFileReference; lastKnownFileType = archive.ar; path = libWeChatSDK.a; sourceTree = "<group>"; };
		C7821AE31949910A008B952D /* WXApi.h */ = {isa = PBXFileReference; fileEncoding = 4; lastKnownFileType = sourcecode.c.h; path = WXApi.h; sourceTree = "<group>"; };
		C7821AE41949910A008B952D /* WXApiObject.h */ = {isa = PBXFileReference; fileEncoding = 4; lastKnownFileType = sourcecode.c.h; path = WXApiObject.h; sourceTree = "<group>"; };
		C7821AE619499F47008B952D /* NoteListCell.h */ = {isa = PBXFileReference; fileEncoding = 4; lastKnownFileType = sourcecode.c.h; name = NoteListCell.h; path = Source/Controller/NoteListCell.h; sourceTree = "<group>"; };
		C7821AE719499F47008B952D /* NoteListCell.m */ = {isa = PBXFileReference; fileEncoding = 4; lastKnownFileType = sourcecode.c.objc; name = NoteListCell.m; path = Source/Controller/NoteListCell.m; sourceTree = "<group>"; };
		C7821AE919499FC1008B952D /* UIColor+VNHex.h */ = {isa = PBXFileReference; fileEncoding = 4; lastKnownFileType = sourcecode.c.h; name = "UIColor+VNHex.h"; path = "Source/Common/UIColor+VNHex.h"; sourceTree = "<group>"; };
		C7821AEA19499FC1008B952D /* UIColor+VNHex.m */ = {isa = PBXFileReference; fileEncoding = 4; lastKnownFileType = sourcecode.c.objc; name = "UIColor+VNHex.m"; path = "Source/Common/UIColor+VNHex.m"; sourceTree = "<group>"; };
		C7821AEC1949AB2B008B952D /* AppDelegate.m */ = {isa = PBXFileReference; fileEncoding = 4; lastKnownFileType = sourcecode.c.objc; path = AppDelegate.m; sourceTree = "<group>"; };
		C7821AEE1949B404008B952D /* save@2x.png */ = {isa = PBXFileReference; lastKnownFileType = image.png; name = "save@2x.png"; path = "Resource/save@2x.png"; sourceTree = "<group>"; };
		C7821AF01949B461008B952D /* micro@2x.png */ = {isa = PBXFileReference; lastKnownFileType = image.png; name = "micro@2x.png"; path = "Resource/micro@2x.png"; sourceTree = "<group>"; };
		C79B92821952E65D0071E995 /* edit_image-50@2x.png */ = {isa = PBXFileReference; lastKnownFileType = image.png; name = "edit_image-50@2x.png"; path = "Resource/edit_image-50@2x.png"; sourceTree = "<group>"; };
		C79B92841952E6A10071E995 /* micro_small@2x.png */ = {isa = PBXFileReference; lastKnownFileType = image.png; name = "micro_small@2x.png"; path = "Resource/micro_small@2x.png"; sourceTree = "<group>"; };
/* End PBXFileReference section */

/* Begin PBXFrameworksBuildPhase section */
		C7821A8019480417008B952D /* Frameworks */ = {
			isa = PBXFrameworksBuildPhase;
			buildActionMask = 2147483647;
			files = (
				C73B88521977CF19007EE3D0 /* libz.dylib in Frameworks */,
				C7821ADD1948489C008B952D /* AddressBook.framework in Frameworks */,
				C7821AC819482235008B952D /* AudioToolbox.framework in Frameworks */,
				C7821AC61948222B008B952D /* SystemConfiguration.framework in Frameworks */,
				C7821AC419482220008B952D /* AVFoundation.framework in Frameworks */,
				C7821AE51949910A008B952D /* libWeChatSDK.a in Frameworks */,
				C7821AC219482208008B952D /* iflyMSC.framework in Frameworks */,
				C7821A8919480417008B952D /* CoreGraphics.framework in Frameworks */,
				C7821A8B19480417008B952D /* UIKit.framework in Frameworks */,
				C7821A8719480417008B952D /* Foundation.framework in Frameworks */,
				C73B88501977CEFB007EE3D0 /* libMobClickLibrary.a in Frameworks */,
				8321E68A15AE491F981EE0DC /* libPods.a in Frameworks */,
			);
			runOnlyForDeploymentPostprocessing = 0;
		};
		C7821A9B19480417008B952D /* Frameworks */ = {
			isa = PBXFrameworksBuildPhase;
			buildActionMask = 2147483647;
			files = (
				C7821AA019480417008B952D /* XCTest.framework in Frameworks */,
				C7821AA219480417008B952D /* UIKit.framework in Frameworks */,
				C7821AA119480417008B952D /* Foundation.framework in Frameworks */,
			);
			runOnlyForDeploymentPostprocessing = 0;
		};
/* End PBXFrameworksBuildPhase section */

/* Begin PBXGroup section */
		C73B884C1977CEFB007EE3D0 /* Umeng */ = {
			isa = PBXGroup;
			children = (
				C73B884D1977CEFB007EE3D0 /* libMobClickLibrary.a */,
				C73B884E1977CEFB007EE3D0 /* MobClick.h */,
				C73B884F1977CEFB007EE3D0 /* MobClickSocialAnalytics.h */,
			);
			name = Umeng;
			path = Source/Library/Umeng;
			sourceTree = "<group>";
		};
		C7470A93196164D400FD154B /* App */ = {
			isa = PBXGroup;
			children = (
				C7470A90196164CB00FD154B /* AppContext.h */,
				C7470A91196164CB00FD154B /* AppContext.m */,
				C7821A9519480417008B952D /* AppDelegate.h */,
				C7821AEC1949AB2B008B952D /* AppDelegate.m */,
			);
			name = App;
			sourceTree = "<group>";
		};
		C7821A7A19480417008B952D = {
			isa = PBXGroup;
			children = (
				C7821A8C19480417008B952D /* Voice2Note */,
				C7821AA519480417008B952D /* Voice2NoteTests */,
				C7821A8519480417008B952D /* Frameworks */,
				C7821A8419480417008B952D /* Products */,
				4FC9EB7DAA15488F81D9D006 /* Pods.xcconfig */,
			);
			sourceTree = "<group>";
		};
		C7821A8419480417008B952D /* Products */ = {
			isa = PBXGroup;
			children = (
				C7821A8319480417008B952D /* Voice2Note.app */,
				C7821A9E19480417008B952D /* Voice2NoteTests.xctest */,
			);
			name = Products;
			sourceTree = "<group>";
		};
		C7821A8519480417008B952D /* Frameworks */ = {
			isa = PBXGroup;
			children = (
				C73B88511977CF19007EE3D0 /* libz.dylib */,
				C7821ADB1948483F008B952D /* AddressBook.framework */,
				C7821AC719482235008B952D /* AudioToolbox.framework */,
				C7821AC51948222B008B952D /* SystemConfiguration.framework */,
				C7821AC319482220008B952D /* AVFoundation.framework */,
				C7821AC119482208008B952D /* iflyMSC.framework */,
				C7821A8619480417008B952D /* Foundation.framework */,
				C7821A8819480417008B952D /* CoreGraphics.framework */,
				C7821A8A19480417008B952D /* UIKit.framework */,
				C7821A9F19480417008B952D /* XCTest.framework */,
				90D3642E47F94B6EAB1CE461 /* libPods.a */,
			);
			name = Frameworks;
			sourceTree = "<group>";
		};
		C7821A8C19480417008B952D /* Voice2Note */ = {
			isa = PBXGroup;
			children = (
				C7821AE0194990F7008B952D /* Library */,
				C7821AB619480425008B952D /* Resource */,
				C7821AB51948041E008B952D /* Source */,
				C7821A9819480417008B952D /* Images.xcassets */,
				C7821A8D19480417008B952D /* Supporting Files */,
			);
			path = Voice2Note;
			sourceTree = "<group>";
		};
		C7821A8D19480417008B952D /* Supporting Files */ = {
			isa = PBXGroup;
			children = (
				C7821A8E19480417008B952D /* Voice2Note-Info.plist */,
				C7821A8F19480417008B952D /* InfoPlist.strings */,
				C7821A9219480417008B952D /* main.m */,
				C7821A9419480417008B952D /* Voice2Note-Prefix.pch */,
			);
			name = "Supporting Files";
			sourceTree = "<group>";
		};
		C7821AA519480417008B952D /* Voice2NoteTests */ = {
			isa = PBXGroup;
			children = (
				C7821AAB19480417008B952D /* Voice2NoteTests.m */,
				C7821AA619480417008B952D /* Supporting Files */,
			);
			path = Voice2NoteTests;
			sourceTree = "<group>";
		};
		C7821AA619480417008B952D /* Supporting Files */ = {
			isa = PBXGroup;
			children = (
				C7821AA719480417008B952D /* Voice2NoteTests-Info.plist */,
				C7821AA819480417008B952D /* InfoPlist.strings */,
			);
			name = "Supporting Files";
			sourceTree = "<group>";
		};
		C7821AB51948041E008B952D /* Source */ = {
			isa = PBXGroup;
			children = (
				C7470A93196164D400FD154B /* App */,
				C7821AD41948437E008B952D /* Model */,
				C7821AC919482557008B952D /* Common */,
				C7821AB719480434008B952D /* Controller */,
			);
			name = Source;
			sourceTree = "<group>";
		};
		C7821AB619480425008B952D /* Resource */ = {
			isa = PBXGroup;
			children = (
				C79B92841952E6A10071E995 /* micro_small@2x.png */,
				C79B92821952E65D0071E995 /* edit_image-50@2x.png */,
				C7821AF01949B461008B952D /* micro@2x.png */,
				C7821AEE1949B404008B952D /* save@2x.png */,
				C7821ADE19485FC0008B952D /* ic_add_tab@2x.png */,
				C7821ACF19483FD6008B952D /* edit_file@2x.png */,
				C7821AD019483FD6008B952D /* ic_more_white@2x.png */,
				C7821ACD19482610008B952D /* Localizable.strings */,
			);
			name = Resource;
			sourceTree = "<group>";
		};
		C7821AB719480434008B952D /* Controller */ = {
			isa = PBXGroup;
			children = (
				C7821ABB194804A4008B952D /* NoteListController.h */,
				C7821ABC194804A4008B952D /* NoteListController.m */,
				C7821ABE194804B6008B952D /* NoteDetailController.h */,
				C7821ABF194804B6008B952D /* NoteDetailController.m */,
				C7821AE619499F47008B952D /* NoteListCell.h */,
				C7821AE719499F47008B952D /* NoteListCell.m */,
			);
			name = Controller;
			sourceTree = "<group>";
		};
		C7821AC919482557008B952D /* Common */ = {
			isa = PBXGroup;
			children = (
				C7821ACA19482574008B952D /* VNConstants.h */,
				C7821ACB19482574008B952D /* VNConstants.m */,
				C7821AE919499FC1008B952D /* UIColor+VNHex.h */,
				C7821AEA19499FC1008B952D /* UIColor+VNHex.m */,
			);
			name = Common;
			sourceTree = "<group>";
		};
		C7821AD41948437E008B952D /* Model */ = {
			isa = PBXGroup;
			children = (
				C7821AD5194843B0008B952D /* VNNote.h */,
				C7821AD6194843B0008B952D /* VNNote.m */,
				C7821AD8194844C0008B952D /* VNNoteManager.h */,
				C7821AD9194844C0008B952D /* VNNoteManager.m */,
			);
			name = Model;
			sourceTree = "<group>";
		};
		C7821AE0194990F7008B952D /* Library */ = {
			isa = PBXGroup;
			children = (
				C73B884C1977CEFB007EE3D0 /* Umeng */,
				C7821AE11949910A008B952D /* Weixin */,
			);
			name = Library;
			sourceTree = "<group>";
		};
		C7821AE11949910A008B952D /* Weixin */ = {
			isa = PBXGroup;
			children = (
				C7821AE21949910A008B952D /* libWeChatSDK.a */,
				C7821AE31949910A008B952D /* WXApi.h */,
				C7821AE41949910A008B952D /* WXApiObject.h */,
			);
			name = Weixin;
			path = Framework/Weixin;
			sourceTree = SOURCE_ROOT;
		};
/* End PBXGroup section */

/* Begin PBXNativeTarget section */
		C7821A8219480417008B952D /* Voice2Note */ = {
			isa = PBXNativeTarget;
			buildConfigurationList = C7821AAF19480417008B952D /* Build configuration list for PBXNativeTarget "Voice2Note" */;
			buildPhases = (
				C9D65AD0DAB3492B89BD9410 /* Check Pods Manifest.lock */,
				C7821A7F19480417008B952D /* Sources */,
				C7821A8019480417008B952D /* Frameworks */,
				C7821A8119480417008B952D /* Resources */,
				B9858D9A4CF34E51A3BCF45C /* Copy Pods Resources */,
			);
			buildRules = (
			);
			dependencies = (
			);
			name = Voice2Note;
			productName = Voice2Note;
			productReference = C7821A8319480417008B952D /* Voice2Note.app */;
			productType = "com.apple.product-type.application";
		};
		C7821A9D19480417008B952D /* Voice2NoteTests */ = {
			isa = PBXNativeTarget;
			buildConfigurationList = C7821AB219480417008B952D /* Build configuration list for PBXNativeTarget "Voice2NoteTests" */;
			buildPhases = (
				C7821A9A19480417008B952D /* Sources */,
				C7821A9B19480417008B952D /* Frameworks */,
				C7821A9C19480417008B952D /* Resources */,
			);
			buildRules = (
			);
			dependencies = (
				C7821AA419480417008B952D /* PBXTargetDependency */,
			);
			name = Voice2NoteTests;
			productName = Voice2NoteTests;
			productReference = C7821A9E19480417008B952D /* Voice2NoteTests.xctest */;
			productType = "com.apple.product-type.bundle.unit-test";
		};
/* End PBXNativeTarget section */

/* Begin PBXProject section */
		C7821A7B19480417008B952D /* Project object */ = {
			isa = PBXProject;
			attributes = {
				LastUpgradeCheck = 0510;
				ORGANIZATIONNAME = jinxing;
				TargetAttributes = {
					C7821A8219480417008B952D = {
						DevelopmentTeam = 8CMA73KN4U;
					};
					C7821A9D19480417008B952D = {
						TestTargetID = C7821A8219480417008B952D;
					};
				};
			};
			buildConfigurationList = C7821A7E19480417008B952D /* Build configuration list for PBXProject "Voice2Note" */;
			compatibilityVersion = "Xcode 3.2";
			developmentRegion = English;
			hasScannedForEncodings = 0;
			knownRegions = (
				en,
			);
			mainGroup = C7821A7A19480417008B952D;
			productRefGroup = C7821A8419480417008B952D /* Products */;
			projectDirPath = "";
			projectRoot = "";
			targets = (
				C7821A8219480417008B952D /* Voice2Note */,
				C7821A9D19480417008B952D /* Voice2NoteTests */,
			);
		};
/* End PBXProject section */

/* Begin PBXResourcesBuildPhase section */
		C7821A8119480417008B952D /* Resources */ = {
			isa = PBXResourcesBuildPhase;
			buildActionMask = 2147483647;
			files = (
				C7821A9119480417008B952D /* InfoPlist.strings in Resources */,
				C79B92851952E6A10071E995 /* micro_small@2x.png in Resources */,
				C7821ACE19482610008B952D /* Localizable.strings in Resources */,
				C7821AEF1949B405008B952D /* save@2x.png in Resources */,
				C7821AF11949B461008B952D /* micro@2x.png in Resources */,
				C7821AD119483FD6008B952D /* edit_file@2x.png in Resources */,
				C7821AD219483FD6008B952D /* ic_more_white@2x.png in Resources */,
				C7821ADF19485FC0008B952D /* ic_add_tab@2x.png in Resources */,
				C79B92831952E65D0071E995 /* edit_image-50@2x.png in Resources */,
				C7821A9919480417008B952D /* Images.xcassets in Resources */,
			);
			runOnlyForDeploymentPostprocessing = 0;
		};
		C7821A9C19480417008B952D /* Resources */ = {
			isa = PBXResourcesBuildPhase;
			buildActionMask = 2147483647;
			files = (
				C7821AAA19480417008B952D /* InfoPlist.strings in Resources */,
			);
			runOnlyForDeploymentPostprocessing = 0;
		};
/* End PBXResourcesBuildPhase section */

/* Begin PBXShellScriptBuildPhase section */
		B9858D9A4CF34E51A3BCF45C /* Copy Pods Resources */ = {
			isa = PBXShellScriptBuildPhase;
			buildActionMask = 2147483647;
			files = (
			);
			inputPaths = (
			);
			name = "Copy Pods Resources";
			outputPaths = (
			);
			runOnlyForDeploymentPostprocessing = 0;
			shellPath = /bin/sh;
			shellScript = "\"${SRCROOT}/Pods/Pods-resources.sh\"\n";
			showEnvVarsInLog = 0;
		};
		C9D65AD0DAB3492B89BD9410 /* Check Pods Manifest.lock */ = {
			isa = PBXShellScriptBuildPhase;
			buildActionMask = 2147483647;
			files = (
			);
			inputPaths = (
			);
			name = "Check Pods Manifest.lock";
			outputPaths = (
			);
			runOnlyForDeploymentPostprocessing = 0;
			shellPath = /bin/sh;
			shellScript = "diff \"${PODS_ROOT}/../Podfile.lock\" \"${PODS_ROOT}/Manifest.lock\" > /dev/null\nif [[ $? != 0 ]] ; then\n    cat << EOM\nerror: The sandbox is not in sync with the Podfile.lock. Run 'pod install' or update your CocoaPods installation.\nEOM\n    exit 1\nfi\n";
			showEnvVarsInLog = 0;
		};
/* End PBXShellScriptBuildPhase section */

/* Begin PBXSourcesBuildPhase section */
		C7821A7F19480417008B952D /* Sources */ = {
			isa = PBXSourcesBuildPhase;
			buildActionMask = 2147483647;
			files = (
				C7821AE819499F47008B952D /* NoteListCell.m in Sources */,
				C7821ABD194804A4008B952D /* NoteListController.m in Sources */,
				C7821AED1949AB2B008B952D /* AppDelegate.m in Sources */,
				C7821A9319480417008B952D /* main.m in Sources */,
				C7821AEB19499FC1008B952D /* UIColor+VNHex.m in Sources */,
				C7821AC0194804B6008B952D /* NoteDetailController.m in Sources */,
				C7821ACC19482574008B952D /* VNConstants.m in Sources */,
				C7470A92196164CB00FD154B /* AppContext.m in Sources */,
				C7821AD7194843B0008B952D /* VNNote.m in Sources */,
				C7821ADA194844C0008B952D /* VNNoteManager.m in Sources */,
			);
			runOnlyForDeploymentPostprocessing = 0;
		};
		C7821A9A19480417008B952D /* Sources */ = {
			isa = PBXSourcesBuildPhase;
			buildActionMask = 2147483647;
			files = (
				C7821AAC19480417008B952D /* Voice2NoteTests.m in Sources */,
			);
			runOnlyForDeploymentPostprocessing = 0;
		};
/* End PBXSourcesBuildPhase section */

/* Begin PBXTargetDependency section */
		C7821AA419480417008B952D /* PBXTargetDependency */ = {
			isa = PBXTargetDependency;
			target = C7821A8219480417008B952D /* Voice2Note */;
			targetProxy = C7821AA319480417008B952D /* PBXContainerItemProxy */;
		};
/* End PBXTargetDependency section */

/* Begin PBXVariantGroup section */
		C7821A8F19480417008B952D /* InfoPlist.strings */ = {
			isa = PBXVariantGroup;
			children = (
				C7821A9019480417008B952D /* en */,
			);
			name = InfoPlist.strings;
			sourceTree = "<group>";
		};
		C7821AA819480417008B952D /* InfoPlist.strings */ = {
			isa = PBXVariantGroup;
			children = (
				C7821AA919480417008B952D /* en */,
			);
			name = InfoPlist.strings;
			sourceTree = "<group>";
		};
/* End PBXVariantGroup section */

/* Begin XCBuildConfiguration section */
		C7821AAD19480417008B952D /* Debug */ = {
			isa = XCBuildConfiguration;
			buildSettings = {
				ALWAYS_SEARCH_USER_PATHS = NO;
				CLANG_CXX_LANGUAGE_STANDARD = "gnu++0x";
				CLANG_CXX_LIBRARY = "libc++";
				CLANG_ENABLE_MODULES = YES;
				CLANG_ENABLE_OBJC_ARC = YES;
				CLANG_WARN_BOOL_CONVERSION = YES;
				CLANG_WARN_CONSTANT_CONVERSION = YES;
				CLANG_WARN_DIRECT_OBJC_ISA_USAGE = YES_ERROR;
				CLANG_WARN_EMPTY_BODY = YES;
				CLANG_WARN_ENUM_CONVERSION = YES;
				CLANG_WARN_INT_CONVERSION = YES;
				CLANG_WARN_OBJC_ROOT_CLASS = YES_ERROR;
				CLANG_WARN__DUPLICATE_METHOD_MATCH = YES;
				"CODE_SIGN_IDENTITY[sdk=iphoneos*]" = "iPhone Developer";
				COPY_PHASE_STRIP = NO;
				GCC_C_LANGUAGE_STANDARD = gnu99;
				GCC_DYNAMIC_NO_PIC = NO;
				GCC_OPTIMIZATION_LEVEL = 0;
				GCC_PREPROCESSOR_DEFINITIONS = (
					"DEBUG=1",
					"$(inherited)",
				);
				GCC_SYMBOLS_PRIVATE_EXTERN = NO;
				GCC_WARN_64_TO_32_BIT_CONVERSION = YES;
				GCC_WARN_ABOUT_RETURN_TYPE = YES_ERROR;
				GCC_WARN_UNDECLARED_SELECTOR = YES;
				GCC_WARN_UNINITIALIZED_AUTOS = YES_AGGRESSIVE;
				GCC_WARN_UNUSED_FUNCTION = YES;
				GCC_WARN_UNUSED_VARIABLE = YES;
				IPHONEOS_DEPLOYMENT_TARGET = 7.1;
				ONLY_ACTIVE_ARCH = YES;
				SDKROOT = iphoneos;
				TARGETED_DEVICE_FAMILY = "1,2";
			};
			name = Debug;
		};
		C7821AAE19480417008B952D /* Release */ = {
			isa = XCBuildConfiguration;
			buildSettings = {
				ALWAYS_SEARCH_USER_PATHS = NO;
				CLANG_CXX_LANGUAGE_STANDARD = "gnu++0x";
				CLANG_CXX_LIBRARY = "libc++";
				CLANG_ENABLE_MODULES = YES;
				CLANG_ENABLE_OBJC_ARC = YES;
				CLANG_WARN_BOOL_CONVERSION = YES;
				CLANG_WARN_CONSTANT_CONVERSION = YES;
				CLANG_WARN_DIRECT_OBJC_ISA_USAGE = YES_ERROR;
				CLANG_WARN_EMPTY_BODY = YES;
				CLANG_WARN_ENUM_CONVERSION = YES;
				CLANG_WARN_INT_CONVERSION = YES;
				CLANG_WARN_OBJC_ROOT_CLASS = YES_ERROR;
				CLANG_WARN__DUPLICATE_METHOD_MATCH = YES;
				"CODE_SIGN_IDENTITY[sdk=iphoneos*]" = "iPhone Developer";
				COPY_PHASE_STRIP = YES;
				ENABLE_NS_ASSERTIONS = NO;
				GCC_C_LANGUAGE_STANDARD = gnu99;
				GCC_WARN_64_TO_32_BIT_CONVERSION = YES;
				GCC_WARN_ABOUT_RETURN_TYPE = YES_ERROR;
				GCC_WARN_UNDECLARED_SELECTOR = YES;
				GCC_WARN_UNINITIALIZED_AUTOS = YES_AGGRESSIVE;
				GCC_WARN_UNUSED_FUNCTION = YES;
				GCC_WARN_UNUSED_VARIABLE = YES;
				IPHONEOS_DEPLOYMENT_TARGET = 7.1;
				SDKROOT = iphoneos;
				TARGETED_DEVICE_FAMILY = "1,2";
				VALIDATE_PRODUCT = YES;
			};
			name = Release;
		};
		C7821AB019480417008B952D /* Debug */ = {
			isa = XCBuildConfiguration;
			baseConfigurationReference = 4FC9EB7DAA15488F81D9D006 /* Pods.xcconfig */;
			buildSettings = {
				ARCHS = "$(ARCHS_STANDARD_32_BIT)";
				ASSETCATALOG_COMPILER_APPICON_NAME = AppIcon;
				ASSETCATALOG_COMPILER_LAUNCHIMAGE_NAME = LaunchImage;
				CLANG_CXX_LIBRARY = "libstdc++";
				CODE_SIGN_IDENTITY = "iPhone Developer: Liao Jinxing (WFC59XXUQC)";
				"CODE_SIGN_IDENTITY[sdk=iphoneos*]" = "iPhone Developer: Liao Jinxing (WFC59XXUQC)";
				FRAMEWORK_SEARCH_PATHS = (
					"$(inherited)",
					"$(PROJECT_DIR)/Framework",
				);
				GCC_PRECOMPILE_PREFIX_HEADER = YES;
				GCC_PREFIX_HEADER = "Voice2Note/Voice2Note-Prefix.pch";
				INFOPLIST_FILE = "Voice2Note/Voice2Note-Info.plist";
				IPHONEOS_DEPLOYMENT_TARGET = 7.0;
				LIBRARY_SEARCH_PATHS = (
					"$(inherited)",
					"$(PROJECT_DIR)/Framework/Weixin",
					"$(PROJECT_DIR)/Voice2Note/Source/Library/Umeng",
				);
				PRODUCT_NAME = "$(TARGET_NAME)";
				PROVISIONING_PROFILE = "80727D28-3195-47E6-A702-7A707DD625E9";
				TARGETED_DEVICE_FAMILY = 1;
				WRAPPER_EXTENSION = app;
			};
			name = Debug;
		};
		C7821AB119480417008B952D /* Release */ = {
			isa = XCBuildConfiguration;
			baseConfigurationReference = 4FC9EB7DAA15488F81D9D006 /* Pods.xcconfig */;
			buildSettings = {
				ARCHS = "$(ARCHS_STANDARD_32_BIT)";
				ASSETCATALOG_COMPILER_APPICON_NAME = AppIcon;
				ASSETCATALOG_COMPILER_LAUNCHIMAGE_NAME = LaunchImage;
				CLANG_CXX_LIBRARY = "libstdc++";
				CODE_SIGN_IDENTITY = "iPhone Distribution: Liao Jinxing (8CMA73KN4U)";
				"CODE_SIGN_IDENTITY[sdk=iphoneos*]" = "iPhone Distribution: Liao Jinxing (8CMA73KN4U)";
				FRAMEWORK_SEARCH_PATHS = (
					"$(inherited)",
					"$(PROJECT_DIR)/Framework",
				);
				GCC_PRECOMPILE_PREFIX_HEADER = YES;
				GCC_PREFIX_HEADER = "Voice2Note/Voice2Note-Prefix.pch";
				INFOPLIST_FILE = "Voice2Note/Voice2Note-Info.plist";
				IPHONEOS_DEPLOYMENT_TARGET = 7.0;
				LIBRARY_SEARCH_PATHS = (
					"$(inherited)",
					"$(PROJECT_DIR)/Framework/Weixin",
					"$(PROJECT_DIR)/Voice2Note/Source/Library/Umeng",
				);
				PRODUCT_NAME = "$(TARGET_NAME)";
				PROVISIONING_PROFILE = "E8FD832F-A4F3-4237-B55D-4384DCC9D012";
				TARGETED_DEVICE_FAMILY = 1;
				WRAPPER_EXTENSION = app;
			};
			name = Release;
		};
		C7821AB319480417008B952D /* Debug */ = {
			isa = XCBuildConfiguration;
			buildSettings = {
				BUNDLE_LOADER = "$(BUILT_PRODUCTS_DIR)/Voice2Note.app/Voice2Note";
				FRAMEWORK_SEARCH_PATHS = (
					"$(SDKROOT)/Developer/Library/Frameworks",
					"$(inherited)",
					"$(DEVELOPER_FRAMEWORKS_DIR)",
				);
				GCC_PRECOMPILE_PREFIX_HEADER = YES;
				GCC_PREFIX_HEADER = "Voice2Note/Voice2Note-Prefix.pch";
				GCC_PREPROCESSOR_DEFINITIONS = (
					"DEBUG=1",
					"$(inherited)",
				);
				INFOPLIST_FILE = "Voice2NoteTests/Voice2NoteTests-Info.plist";
				PRODUCT_NAME = "$(TARGET_NAME)";
				TEST_HOST = "$(BUNDLE_LOADER)";
				WRAPPER_EXTENSION = xctest;
			};
			name = Debug;
		};
		C7821AB419480417008B952D /* Release */ = {
			isa = XCBuildConfiguration;
			buildSettings = {
				BUNDLE_LOADER = "$(BUILT_PRODUCTS_DIR)/Voice2Note.app/Voice2Note";
				FRAMEWORK_SEARCH_PATHS = (
					"$(SDKROOT)/Developer/Library/Frameworks",
					"$(inherited)",
					"$(DEVELOPER_FRAMEWORKS_DIR)",
				);
				GCC_PRECOMPILE_PREFIX_HEADER = YES;
				GCC_PREFIX_HEADER = "Voice2Note/Voice2Note-Prefix.pch";
				INFOPLIST_FILE = "Voice2NoteTests/Voice2NoteTests-Info.plist";
				PRODUCT_NAME = "$(TARGET_NAME)";
				TEST_HOST = "$(BUNDLE_LOADER)";
				WRAPPER_EXTENSION = xctest;
			};
			name = Release;
		};
/* End XCBuildConfiguration section */

/* Begin XCConfigurationList section */
		C7821A7E19480417008B952D /* Build configuration list for PBXProject "Voice2Note" */ = {
			isa = XCConfigurationList;
			buildConfigurations = (
				C7821AAD19480417008B952D /* Debug */,
				C7821AAE19480417008B952D /* Release */,
			);
			defaultConfigurationIsVisible = 0;
			defaultConfigurationName = Release;
		};
		C7821AAF19480417008B952D /* Build configuration list for PBXNativeTarget "Voice2Note" */ = {
			isa = XCConfigurationList;
			buildConfigurations = (
				C7821AB019480417008B952D /* Debug */,
				C7821AB119480417008B952D /* Release */,
			);
			defaultConfigurationIsVisible = 0;
			defaultConfigurationName = Release;
		};
		C7821AB219480417008B952D /* Build configuration list for PBXNativeTarget "Voice2NoteTests" */ = {
			isa = XCConfigurationList;
			buildConfigurations = (
				C7821AB319480417008B952D /* Debug */,
				C7821AB419480417008B952D /* Release */,
			);
			defaultConfigurationIsVisible = 0;
			defaultConfigurationName = Release;
		};
/* End XCConfigurationList section */
	};
	rootObject = C7821A7B19480417008B952D /* Project object */;
}
